
Microsoft Visual Studio Solution File, Format Version 12.00
# Visual Studio Version 17
VisualStudioVersion = 17.9.34622.214
MinimumVisualStudioVersion = 10.0.40219.1
Project("{9A19103F-16F7-4668-BE54-9A1E7A4F7556}") = "Arsenal", "Arsenal.csproj", "{24376214-A927-40DF-8277-D700DA8FDEF5}"
EndProject
Global
	GlobalSection(SolutionConfigurationPlatforms) = preSolution
		Debug|Any CPU = Debug|Any CPU
		Release|Any CPU = Release|Any CPU
	EndGlobalSection
	GlobalSection(ProjectConfigurationPlatforms) = postSolution
		{24376214-A927-40DF-8277-D700DA8FDEF5}.Debug|Any CPU.ActiveCfg = Debug|Any CPU
		{24376214-A927-40DF-8277-D700DA8FDEF5}.Debug|Any CPU.Build.0 = Debug|Any CPU
		{24376214-A927-40DF-8277-D700DA8FDEF5}.Release|Any CPU.ActiveCfg = Release|Any CPU
		{24376214-A927-40DF-8277-D700DA8FDEF5}.Release|Any CPU.Build.0 = Release|Any CPU
	EndGlobalSection
	GlobalSection(SolutionProperties) = preSolution
		HideSolutionNode = FALSE
	EndGlobalSection
	GlobalSection(ExtensibilityGlobals) = postSolution
		SolutionGuid = {26F0A9C7-FFD6-4629-ABC4-2BAF2A44E45C}
	EndGlobalSection
EndGlobal
